
Microsoft Visual Studio Solution File, Format Version 12.00
# Visual Studio Version 16
VisualStudioVersion = 16.0.30225.117
MinimumVisualStudioVersion = 10.0.40219.1
Project("{FAE04EC0-301F-11D3-BF4B-00C04F79EFBC}") = "Friday.StatisticsSystem", "Friday.StatisticsSystem\Friday.StatisticsSystem.csproj", "{D9532F08-C4FF-4036-AE41-8A112A38F2DD}"
EndProject
Global
	GlobalSection(SolutionConfigurationPlatforms) = preSolution
		Debug|x86 = Debug|x86
		Release|x86 = Release|x86
	EndGlobalSection
	GlobalSection(ProjectConfigurationPlatforms) = postSolution
		{D9532F08-C4FF-4036-AE41-8A112A38F2DD}.Debug|x86.ActiveCfg = Debug|x86
		{D9532F08-C4FF-4036-AE41-8A112A38F2DD}.Debug|x86.Build.0 = Debug|x86
		{D9532F08-C4FF-4036-AE41-8A112A38F2DD}.Release|x86.ActiveCfg = Release|x86
		{D9532F08-C4FF-4036-AE41-8A112A38F2DD}.Release|x86.Build.0 = Release|x86
	EndGlobalSection
	GlobalSection(SolutionProperties) = preSolution
		HideSolutionNode = FALSE
	EndGlobalSection
	GlobalSection(ExtensibilityGlobals) = postSolution
		SolutionGuid = {D2157F4F-06AB-412C-BF25-EC14E800151B}
	EndGlobalSection
EndGlobal
